
Microsoft Visual Studio Solution File, Format Version 12.00
# Visual Studio Version 16
VisualStudioVersion = 16.0.30804.86
MinimumVisualStudioVersion = 10.0.40219.1
Project("{FAE04EC0-301F-11D3-BF4B-00C04F79EFBC}") = "boşamagereksizdeğil", "boşamagereksizdeğil\boşamagereksizdeğil.csproj", "{5B267510-7ED9-4507-890C-EFAE0BB0E691}"
EndProject
Global
	GlobalSection(SolutionConfigurationPlatforms) = preSolution
		Debug|Any CPU = Debug|Any CPU
		Release|Any CPU = Release|Any CPU
	EndGlobalSection
	GlobalSection(ProjectConfigurationPlatforms) = postSolution
		{5B267510-7ED9-4507-890C-EFAE0BB0E691}.Debug|Any CPU.ActiveCfg = Debug|Any CPU
		{5B267510-7ED9-4507-890C-EFAE0BB0E691}.Debug|Any CPU.Build.0 = Debug|Any CPU
		{5B267510-7ED9-4507-890C-EFAE0BB0E691}.Release|Any CPU.ActiveCfg = Release|Any CPU
		{5B267510-7ED9-4507-890C-EFAE0BB0E691}.Release|Any CPU.Build.0 = Release|Any CPU
	EndGlobalSection
	GlobalSection(SolutionProperties) = preSolution
		HideSolutionNode = FALSE
	EndGlobalSection
	GlobalSection(ExtensibilityGlobals) = postSolution
		SolutionGuid = {9AAB4033-472D-4D9F-B033-89DB5BCB7F45}
	EndGlobalSection
EndGlobal
